
Microsoft Visual Studio Solution File, Format Version 12.00
# Visual Studio Version 17
VisualStudioVersion = 17.0.31903.59
MinimumVisualStudioVersion = 10.0.40219.1
Project("{FAE04EC0-301F-11D3-BF4B-00C04F79EFBC}") = "MinimalAPI", "MinimalAPI\MinimalAPI.csproj", "{6615ABAE-9677-45E4-A925-AB24BD16148B}"
EndProject
Global
	GlobalSection(SolutionConfigurationPlatforms) = preSolution
		Debug|Any CPU = Debug|Any CPU
		Release|Any CPU = Release|Any CPU
	EndGlobalSection
	GlobalSection(ProjectConfigurationPlatforms) = postSolution
		{6615ABAE-9677-45E4-A925-AB24BD16148B}.Debug|Any CPU.ActiveCfg = Debug|Any CPU
		{6615ABAE-9677-45E4-A925-AB24BD16148B}.Debug|Any CPU.Build.0 = Debug|Any CPU
		{6615ABAE-9677-45E4-A925-AB24BD16148B}.Release|Any CPU.ActiveCfg = Release|Any CPU
		{6615ABAE-9677-45E4-A925-AB24BD16148B}.Release|Any CPU.Build.0 = Release|Any CPU
	EndGlobalSection
	GlobalSection(SolutionProperties) = preSolution
		HideSolutionNode = FALSE
	EndGlobalSection
	GlobalSection(ExtensibilityGlobals) = postSolution
		SolutionGuid = {2A4625C6-4C8E-418E-B6C9-63750A842E4E}
	EndGlobalSection
EndGlobal
